
Microsoft Visual Studio Solution File, Format Version 12.00
# Visual Studio 15
VisualStudioVersion = 15.0.28307.271
MinimumVisualStudioVersion = 10.0.40219.1
Project("{FAE04EC0-301F-11D3-BF4B-00C04F79EFBC}") = "schwack", "schwack\schwack.csproj", "{31AB3364-3201-4C9C-8CDE-3BCB4C76F13E}"
EndProject
Project("{FAE04EC0-301F-11D3-BF4B-00C04F79EFBC}") = "Service", "Service\Service.csproj", "{7FA2752E-B6E7-4E85-A294-13DAFA4D1465}"
EndProject
Project("{FAE04EC0-301F-11D3-BF4B-00C04F79EFBC}") = "Entities", "Entities\Entities.csproj", "{5F2D8465-DD6D-486C-8156-57238ED790A2}"
EndProject
Global
	GlobalSection(SolutionConfigurationPlatforms) = preSolution
		Debug|Any CPU = Debug|Any CPU
		Release|Any CPU = Release|Any CPU
	EndGlobalSection
	GlobalSection(ProjectConfigurationPlatforms) = postSolution
		{31AB3364-3201-4C9C-8CDE-3BCB4C76F13E}.Debug|Any CPU.ActiveCfg = Debug|Any CPU
		{31AB3364-3201-4C9C-8CDE-3BCB4C76F13E}.Debug|Any CPU.Build.0 = Debug|Any CPU
		{31AB3364-3201-4C9C-8CDE-3BCB4C76F13E}.Release|Any CPU.ActiveCfg = Release|Any CPU
		{31AB3364-3201-4C9C-8CDE-3BCB4C76F13E}.Release|Any CPU.Build.0 = Release|Any CPU
		{7FA2752E-B6E7-4E85-A294-13DAFA4D1465}.Debug|Any CPU.ActiveCfg = Debug|Any CPU
		{7FA2752E-B6E7-4E85-A294-13DAFA4D1465}.Debug|Any CPU.Build.0 = Debug|Any CPU
		{7FA2752E-B6E7-4E85-A294-13DAFA4D1465}.Release|Any CPU.ActiveCfg = Release|Any CPU
		{7FA2752E-B6E7-4E85-A294-13DAFA4D1465}.Release|Any CPU.Build.0 = Release|Any CPU
		{5F2D8465-DD6D-486C-8156-57238ED790A2}.Debug|Any CPU.ActiveCfg = Debug|Any CPU
		{5F2D8465-DD6D-486C-8156-57238ED790A2}.Debug|Any CPU.Build.0 = Debug|Any CPU
		{5F2D8465-DD6D-486C-8156-57238ED790A2}.Release|Any CPU.ActiveCfg = Release|Any CPU
		{5F2D8465-DD6D-486C-8156-57238ED790A2}.Release|Any CPU.Build.0 = Release|Any CPU
	EndGlobalSection
	GlobalSection(SolutionProperties) = preSolution
		HideSolutionNode = FALSE
	EndGlobalSection
	GlobalSection(ExtensibilityGlobals) = postSolution
		SolutionGuid = {C5C0748A-70C6-4611-BA11-0800EA1C8FC5}
	EndGlobalSection
EndGlobal
